
Microsoft Visual Studio Solution File, Format Version 12.00
# Visual Studio Version 17
VisualStudioVersion = 17.0.31919.166
MinimumVisualStudioVersion = 10.0.40219.1
Project("{2150E333-8FDC-42A3-9474-1A3956D46DE8}") = "Docs", "Docs", "{B846169E-1562-4F67-9E91-8C164CD86489}"
	ProjectSection(SolutionItems) = preProject
		docs\Add-Edge.md = docs\Add-Edge.md
		docs\Add-Vertex.md = docs\Add-Vertex.md
		docs\Export-Graph.md = docs\Export-Graph.md
		docs\Get-GraphPath.md = docs\Get-GraphPath.md
		docs\New-Graph.md = docs\New-Graph.md
	EndProjectSection
EndProject
Project("{9A19103F-16F7-4668-BE54-9A1E7A4F7556}") = "PSGraph", "PSGraph\PSGraph.csproj", "{5B7A6901-500D-4D2F-900B-942B471AE425}"
EndProject
Project("{FAE04EC0-301F-11D3-BF4B-00C04F79EFBC}") = "PSGraph.Tests", "PSGraph.Tests\PSGraph.Tests.csproj", "{51E06FE7-F681-4378-B4DD-5C53F385428F}"
EndProject
Project("{FAE04EC0-301F-11D3-BF4B-00C04F79EFBC}") = "PSGraph.Common", "PSGraph.Common\PSGraph.Common.csproj", "{3AA9D940-D62F-4C1A-8747-7DD46FC3C43E}"
EndProject
Project("{FAE04EC0-301F-11D3-BF4B-00C04F79EFBC}") = "PSGraph.Vega.Extensions", "PSGraph.Vega.Extensions\PSGraph.Vega.Extensions.csproj", "{D5AFEF56-A996-4A52-8ED5-E9701C3D4FBE}"
EndProject
Global
	GlobalSection(SolutionConfigurationPlatforms) = preSolution
		Debug|Any CPU = Debug|Any CPU
		Debug|x64 = Debug|x64
		Debug|x86 = Debug|x86
		Release20|Any CPU = Release20|Any CPU
		Release20|x64 = Release20|x64
		Release20|x86 = Release20|x86
		Release|Any CPU = Release|Any CPU
		Release|x64 = Release|x64
		Release|x86 = Release|x86
	EndGlobalSection
	GlobalSection(ProjectConfigurationPlatforms) = postSolution
		{5B7A6901-500D-4D2F-900B-942B471AE425}.Debug|Any CPU.ActiveCfg = Debug|Any CPU
		{5B7A6901-500D-4D2F-900B-942B471AE425}.Debug|Any CPU.Build.0 = Debug|Any CPU
		{5B7A6901-500D-4D2F-900B-942B471AE425}.Debug|x64.ActiveCfg = Debug|Any CPU
		{5B7A6901-500D-4D2F-900B-942B471AE425}.Debug|x64.Build.0 = Debug|Any CPU
		{5B7A6901-500D-4D2F-900B-942B471AE425}.Debug|x86.ActiveCfg = Debug|Any CPU
		{5B7A6901-500D-4D2F-900B-942B471AE425}.Debug|x86.Build.0 = Debug|Any CPU
		{5B7A6901-500D-4D2F-900B-942B471AE425}.Release20|Any CPU.ActiveCfg = Release|Any CPU
		{5B7A6901-500D-4D2F-900B-942B471AE425}.Release20|Any CPU.Build.0 = Release|Any CPU
		{5B7A6901-500D-4D2F-900B-942B471AE425}.Release20|x64.ActiveCfg = Release20|Any CPU
		{5B7A6901-500D-4D2F-900B-942B471AE425}.Release20|x64.Build.0 = Release20|Any CPU
		{5B7A6901-500D-4D2F-900B-942B471AE425}.Release20|x86.ActiveCfg = Release20|Any CPU
		{5B7A6901-500D-4D2F-900B-942B471AE425}.Release20|x86.Build.0 = Release20|Any CPU
		{5B7A6901-500D-4D2F-900B-942B471AE425}.Release|Any CPU.ActiveCfg = Release|Any CPU
		{5B7A6901-500D-4D2F-900B-942B471AE425}.Release|Any CPU.Build.0 = Release|Any CPU
		{5B7A6901-500D-4D2F-900B-942B471AE425}.Release|x64.ActiveCfg = Release|Any CPU
		{5B7A6901-500D-4D2F-900B-942B471AE425}.Release|x64.Build.0 = Release|Any CPU
		{5B7A6901-500D-4D2F-900B-942B471AE425}.Release|x86.ActiveCfg = Release|Any CPU
		{5B7A6901-500D-4D2F-900B-942B471AE425}.Release|x86.Build.0 = Release|Any CPU
		{51E06FE7-F681-4378-B4DD-5C53F385428F}.Debug|Any CPU.ActiveCfg = Debug|Any CPU
		{51E06FE7-F681-4378-B4DD-5C53F385428F}.Debug|Any CPU.Build.0 = Debug|Any CPU
		{51E06FE7-F681-4378-B4DD-5C53F385428F}.Debug|x64.ActiveCfg = Debug|Any CPU
		{51E06FE7-F681-4378-B4DD-5C53F385428F}.Debug|x64.Build.0 = Debug|Any CPU
		{51E06FE7-F681-4378-B4DD-5C53F385428F}.Debug|x86.ActiveCfg = Debug|Any CPU
		{51E06FE7-F681-4378-B4DD-5C53F385428F}.Debug|x86.Build.0 = Debug|Any CPU
		{51E06FE7-F681-4378-B4DD-5C53F385428F}.Release20|Any CPU.ActiveCfg = Debug|Any CPU
		{51E06FE7-F681-4378-B4DD-5C53F385428F}.Release20|Any CPU.Build.0 = Debug|Any CPU
		{51E06FE7-F681-4378-B4DD-5C53F385428F}.Release20|x64.ActiveCfg = Release20|Any CPU
		{51E06FE7-F681-4378-B4DD-5C53F385428F}.Release20|x64.Build.0 = Release20|Any CPU
		{51E06FE7-F681-4378-B4DD-5C53F385428F}.Release20|x86.ActiveCfg = Release20|Any CPU
		{51E06FE7-F681-4378-B4DD-5C53F385428F}.Release20|x86.Build.0 = Release20|Any CPU
		{51E06FE7-F681-4378-B4DD-5C53F385428F}.Release|Any CPU.ActiveCfg = Release|Any CPU
		{51E06FE7-F681-4378-B4DD-5C53F385428F}.Release|Any CPU.Build.0 = Release|Any CPU
		{51E06FE7-F681-4378-B4DD-5C53F385428F}.Release|x64.ActiveCfg = Release|Any CPU
		{51E06FE7-F681-4378-B4DD-5C53F385428F}.Release|x64.Build.0 = Release|Any CPU
		{51E06FE7-F681-4378-B4DD-5C53F385428F}.Release|x86.ActiveCfg = Release|Any CPU
		{51E06FE7-F681-4378-B4DD-5C53F385428F}.Release|x86.Build.0 = Release|Any CPU
		{3AA9D940-D62F-4C1A-8747-7DD46FC3C43E}.Debug|Any CPU.ActiveCfg = Debug|Any CPU
		{3AA9D940-D62F-4C1A-8747-7DD46FC3C43E}.Debug|Any CPU.Build.0 = Debug|Any CPU
		{3AA9D940-D62F-4C1A-8747-7DD46FC3C43E}.Debug|x64.ActiveCfg = Debug|Any CPU
		{3AA9D940-D62F-4C1A-8747-7DD46FC3C43E}.Debug|x64.Build.0 = Debug|Any CPU
		{3AA9D940-D62F-4C1A-8747-7DD46FC3C43E}.Debug|x86.ActiveCfg = Debug|Any CPU
		{3AA9D940-D62F-4C1A-8747-7DD46FC3C43E}.Debug|x86.Build.0 = Debug|Any CPU
		{3AA9D940-D62F-4C1A-8747-7DD46FC3C43E}.Release20|Any CPU.ActiveCfg = Debug|Any CPU
		{3AA9D940-D62F-4C1A-8747-7DD46FC3C43E}.Release20|Any CPU.Build.0 = Debug|Any CPU
		{3AA9D940-D62F-4C1A-8747-7DD46FC3C43E}.Release20|x64.ActiveCfg = Release20|Any CPU
		{3AA9D940-D62F-4C1A-8747-7DD46FC3C43E}.Release20|x64.Build.0 = Release20|Any CPU
		{3AA9D940-D62F-4C1A-8747-7DD46FC3C43E}.Release20|x86.ActiveCfg = Release20|Any CPU
		{3AA9D940-D62F-4C1A-8747-7DD46FC3C43E}.Release20|x86.Build.0 = Release20|Any CPU
		{3AA9D940-D62F-4C1A-8747-7DD46FC3C43E}.Release|Any CPU.ActiveCfg = Release|Any CPU
		{3AA9D940-D62F-4C1A-8747-7DD46FC3C43E}.Release|Any CPU.Build.0 = Release|Any CPU
		{3AA9D940-D62F-4C1A-8747-7DD46FC3C43E}.Release|x64.ActiveCfg = Release|Any CPU
		{3AA9D940-D62F-4C1A-8747-7DD46FC3C43E}.Release|x64.Build.0 = Release|Any CPU
		{3AA9D940-D62F-4C1A-8747-7DD46FC3C43E}.Release|x86.ActiveCfg = Release|Any CPU
		{3AA9D940-D62F-4C1A-8747-7DD46FC3C43E}.Release|x86.Build.0 = Release|Any CPU
		{D5AFEF56-A996-4A52-8ED5-E9701C3D4FBE}.Debug|Any CPU.ActiveCfg = Debug|Any CPU
		{D5AFEF56-A996-4A52-8ED5-E9701C3D4FBE}.Debug|Any CPU.Build.0 = Debug|Any CPU
		{D5AFEF56-A996-4A52-8ED5-E9701C3D4FBE}.Debug|x64.ActiveCfg = Debug|Any CPU
		{D5AFEF56-A996-4A52-8ED5-E9701C3D4FBE}.Debug|x64.Build.0 = Debug|Any CPU
		{D5AFEF56-A996-4A52-8ED5-E9701C3D4FBE}.Debug|x86.ActiveCfg = Debug|Any CPU
		{D5AFEF56-A996-4A52-8ED5-E9701C3D4FBE}.Debug|x86.Build.0 = Debug|Any CPU
		{D5AFEF56-A996-4A52-8ED5-E9701C3D4FBE}.Release20|Any CPU.ActiveCfg = Debug|Any CPU
		{D5AFEF56-A996-4A52-8ED5-E9701C3D4FBE}.Release20|Any CPU.Build.0 = Debug|Any CPU
		{D5AFEF56-A996-4A52-8ED5-E9701C3D4FBE}.Release20|x64.ActiveCfg = Debug|Any CPU
		{D5AFEF56-A996-4A52-8ED5-E9701C3D4FBE}.Release20|x64.Build.0 = Debug|Any CPU
		{D5AFEF56-A996-4A52-8ED5-E9701C3D4FBE}.Release20|x86.ActiveCfg = Debug|Any CPU
		{D5AFEF56-A996-4A52-8ED5-E9701C3D4FBE}.Release20|x86.Build.0 = Debug|Any CPU
		{D5AFEF56-A996-4A52-8ED5-E9701C3D4FBE}.Release|Any CPU.ActiveCfg = Release|Any CPU
		{D5AFEF56-A996-4A52-8ED5-E9701C3D4FBE}.Release|Any CPU.Build.0 = Release|Any CPU
		{D5AFEF56-A996-4A52-8ED5-E9701C3D4FBE}.Release|x64.ActiveCfg = Release|Any CPU
		{D5AFEF56-A996-4A52-8ED5-E9701C3D4FBE}.Release|x64.Build.0 = Release|Any CPU
		{D5AFEF56-A996-4A52-8ED5-E9701C3D4FBE}.Release|x86.ActiveCfg = Release|Any CPU
		{D5AFEF56-A996-4A52-8ED5-E9701C3D4FBE}.Release|x86.Build.0 = Release|Any CPU
	EndGlobalSection
	GlobalSection(SolutionProperties) = preSolution
		HideSolutionNode = FALSE
	EndGlobalSection
	GlobalSection(ExtensibilityGlobals) = postSolution
		SolutionGuid = {5D867CF8-C1FA-46D2-870F-F802CB0977AD}
	EndGlobalSection
EndGlobal
